
Microsoft Visual Studio Solution File, Format Version 12.00
# Visual Studio Version 16
VisualStudioVersion = 16.0.30002.166
MinimumVisualStudioVersion = 10.0.40219.1
Project("{FAE04EC0-301F-11D3-BF4B-00C04F79EFBC}") = "SpiceAndWolf", "SpiceAndWolf.csproj", "{7FE1E418-6BFD-4B87-BE29-76F587F55C0D}"
EndProject
Global
	GlobalSection(SolutionConfigurationPlatforms) = preSolution
		Debug|Any CPU = Debug|Any CPU
		Release|Any CPU = Release|Any CPU
	EndGlobalSection
	GlobalSection(ProjectConfigurationPlatforms) = postSolution
		{7FE1E418-6BFD-4B87-BE29-76F587F55C0D}.Debug|Any CPU.ActiveCfg = Debug|Any CPU
		{7FE1E418-6BFD-4B87-BE29-76F587F55C0D}.Debug|Any CPU.Build.0 = Debug|Any CPU
		{7FE1E418-6BFD-4B87-BE29-76F587F55C0D}.Release|Any CPU.ActiveCfg = Release|Any CPU
		{7FE1E418-6BFD-4B87-BE29-76F587F55C0D}.Release|Any CPU.Build.0 = Release|Any CPU
	EndGlobalSection
	GlobalSection(SolutionProperties) = preSolution
		HideSolutionNode = FALSE
	EndGlobalSection
	GlobalSection(ExtensibilityGlobals) = postSolution
		SolutionGuid = {3A44A33C-911D-478B-9FA7-30818D93AE38}
	EndGlobalSection
EndGlobal
